// !$*UTF8*$!
{
	archiveVersion = 1;
	classes = {
	};
	objectVersion = 46;
	objects = {

/* Begin PBXBuildFile section */
		2FE03DF71D19F8170033813D /* AppDelegate.swift in Sources */ = {isa = PBXBuildFile; fileRef = 2FE03DF61D19F8170033813D /* AppDelegate.swift */; };
		2FE03DF91D19F8170033813D /* ViewController.swift in Sources */ = {isa = PBXBuildFile; fileRef = 2FE03DF81D19F8170033813D /* ViewController.swift */; };
		2FE03DFC1D19F8170033813D /* Main.storyboard in Resources */ = {isa = PBXBuildFile; fileRef = 2FE03DFA1D19F8170033813D /* Main.storyboard */; };
		2FE03DFF1D19F8170033813D /* tapper_extreme.xcdatamodeld in Sources */ = {isa = PBXBuildFile; fileRef = 2FE03DFD1D19F8170033813D /* tapper_extreme.xcdatamodeld */; };
		2FE03E011D19F8170033813D /* Assets.xcassets in Resources */ = {isa = PBXBuildFile; fileRef = 2FE03E001D19F8170033813D /* Assets.xcassets */; };
		2FE03E041D19F8170033813D /* LaunchScreen.storyboard in Resources */ = {isa = PBXBuildFile; fileRef = 2FE03E021D19F8170033813D /* LaunchScreen.storyboard */; };
		2FE03E0F1D19F8170033813D /* tapper_extremeTests.swift in Sources */ = {isa = PBXBuildFile; fileRef = 2FE03E0E1D19F8170033813D /* tapper_extremeTests.swift */; };
		2FE03E1A1D19F8170033813D /* tapper_extremeUITests.swift in Sources */ = {isa = PBXBuildFile; fileRef = 2FE03E191D19F8170033813D /* tapper_extremeUITests.swift */; };
/* End PBXBuildFile section */

/* Begin PBXContainerItemProxy section */
		2FE03E0B1D19F8170033813D /* PBXContainerItemProxy */ = {
			isa = PBXContainerItemProxy;
			containerPortal = 2FE03DEB1D19F8160033813D /* Project object */;
			proxyType = 1;
			remoteGlobalIDString = 2FE03DF21D19F8160033813D;
			remoteInfo = "tapper-extreme";
		};
		2FE03E161D19F8170033813D /* PBXContainerItemProxy */ = {
			isa = PBXContainerItemProxy;
			containerPortal = 2FE03DEB1D19F8160033813D /* Project object */;
			proxyType = 1;
			remoteGlobalIDString = 2FE03DF21D19F8160033813D;
			remoteInfo = "tapper-extreme";
		};
/* End PBXContainerItemProxy section */

/* Begin PBXFileReference section */
		2FE03DF31D19F8170033813D /* tapper-extreme.app */ = {isa = PBXFileReference; explicitFileType = wrapper.application; includeInIndex = 0; path = "tapper-extreme.app"; sourceTree = BUILT_PRODUCTS_DIR; };
		2FE03DF61D19F8170033813D /* AppDelegate.swift */ = {isa = PBXFileReference; lastKnownFileType = sourcecode.swift; path = AppDelegate.swift; sourceTree = "<group>"; };
		2FE03DF81D19F8170033813D /* ViewController.swift */ = {isa = PBXFileReference; lastKnownFileType = sourcecode.swift; path = ViewController.swift; sourceTree = "<group>"; };
		2FE03DFB1D19F8170033813D /* Base */ = {isa = PBXFileReference; lastKnownFileType = file.storyboard; name = Base; path = Base.lproj/Main.storyboard; sourceTree = "<group>"; };
		2FE03DFE1D19F8170033813D /* tapper_extreme.xcdatamodel */ = {isa = PBXFileReference; lastKnownFileType = wrapper.xcdatamodel; path = tapper_extreme.xcdatamodel; sourceTree = "<group>"; };
		2FE03E001D19F8170033813D /* Assets.xcassets */ = {isa = PBXFileReference; lastKnownFileType = folder.assetcatalog; path = Assets.xcassets; sourceTree = "<group>"; };
		2FE03E031D19F8170033813D /* Base */ = {isa = PBXFileReference; lastKnownFileType = file.storyboard; name = Base; path = Base.lproj/LaunchScreen.storyboard; sourceTree = "<group>"; };
		2FE03E051D19F8170033813D /* Info.plist */ = {isa = PBXFileReference; lastKnownFileType = text.plist.xml; path = Info.plist; sourceTree = "<group>"; };
		2FE03E0A1D19F8170033813D /* tapper-extremeTests.xctest */ = {isa = PBXFileReference; explicitFileType = wrapper.cfbundle; includeInIndex = 0; path = "tapper-extremeTests.xctest"; sourceTree = BUILT_PRODUCTS_DIR; };
		2FE03E0E1D19F8170033813D /* tapper_extremeTests.swift */ = {isa = PBXFileReference; lastKnownFileType = sourcecode.swift; path = tapper_extremeTests.swift; sourceTree = "<group>"; };
		2FE03E101D19F8170033813D /* Info.plist */ = {isa = PBXFileReference; lastKnownFileType = text.plist.xml; path = Info.plist; sourceTree = "<group>"; };
		2FE03E151D19F8170033813D /* tapper-extremeUITests.xctest */ = {isa = PBXFileReference; explicitFileType = wrapper.cfbundle; includeInIndex = 0; path = "tapper-extremeUITests.xctest"; sourceTree = BUILT_PRODUCTS_DIR; };
		2FE03E191D19F8170033813D /* tapper_extremeUITests.swift */ = {isa = PBXFileReference; lastKnownFileType = sourcecode.swift; path = tapper_extremeUITests.swift; sourceTree = "<group>"; };
		2FE03E1B1D19F8170033813D /* Info.plist */ = {isa = PBXFileReference; lastKnownFileType = text.plist.xml; path = Info.plist; sourceTree = "<group>"; };
/* End PBXFileReference section */

/* Begin PBXFrameworksBuildPhase section */
		2FE03DF01D19F8160033813D /* Frameworks */ = {
			isa = PBXFrameworksBuildPhase;
			buildActionMask = 2147483647;
			files = (
			);
			runOnlyForDeploymentPostprocessing = 0;
		};
		2FE03E071D19F8170033813D /* Frameworks */ = {
			isa = PBXFrameworksBuildPhase;
			buildActionMask = 2147483647;
			files = (
			);
			runOnlyForDeploymentPostprocessing = 0;
		};
		2FE03E121D19F8170033813D /* Frameworks */ = {
			isa = PBXFrameworksBuildPhase;
			buildActionMask = 2147483647;
			files = (
			);
			runOnlyForDeploymentPostprocessing = 0;
		};
/* End PBXFrameworksBuildPhase section */

/* Begin PBXGroup section */
		2FE03DEA1D19F8160033813D = {
			isa = PBXGroup;
			children = (
				2FE03DF51D19F8170033813D /* tapper-extreme */,
				2FE03E0D1D19F8170033813D /* tapper-extremeTests */,
				2FE03E181D19F8170033813D /* tapper-extremeUITests */,
				2FE03DF41D19F8170033813D /* Products */,
			);
			sourceTree = "<group>";
		};
		2FE03DF41D19F8170033813D /* Products */ = {
			isa = PBXGroup;
			children = (
				2FE03DF31D19F8170033813D /* tapper-extreme.app */,
				2FE03E0A1D19F8170033813D /* tapper-extremeTests.xctest */,
				2FE03E151D19F8170033813D /* tapper-extremeUITests.xctest */,
			);
			name = Products;
			sourceTree = "<group>";
		};
		2FE03DF51D19F8170033813D /* tapper-extreme */ = {
			isa = PBXGroup;
			children = (
				2FE03DF61D19F8170033813D /* AppDelegate.swift */,
				2FE03DF81D19F8170033813D /* ViewController.swift */,
				2FE03DFA1D19F8170033813D /* Main.storyboard */,
				2FE03E001D19F8170033813D /* Assets.xcassets */,
				2FE03E021D19F8170033813D /* LaunchScreen.storyboard */,
				2FE03E051D19F8170033813D /* Info.plist */,
				2FE03DFD1D19F8170033813D /* tapper_extreme.xcdatamodeld */,
			);
			path = "tapper-extreme";
			sourceTree = "<group>";
		};
		2FE03E0D1D19F8170033813D /* tapper-extremeTests */ = {
			isa = PBXGroup;
			children = (
				2FE03E0E1D19F8170033813D /* tapper_extremeTests.swift */,
				2FE03E101D19F8170033813D /* Info.plist */,
			);
			path = "tapper-extremeTests";
			sourceTree = "<group>";
		};
		2FE03E181D19F8170033813D /* tapper-extremeUITests */ = {
			isa = PBXGroup;
			children = (
				2FE03E191D19F8170033813D /* tapper_extremeUITests.swift */,
				2FE03E1B1D19F8170033813D /* Info.plist */,
			);
			path = "tapper-extremeUITests";
			sourceTree = "<group>";
		};
/* End PBXGroup section */

/* Begin PBXNativeTarget section */
		2FE03DF21D19F8160033813D /* tapper-extreme */ = {
			isa = PBXNativeTarget;
			buildConfigurationList = 2FE03E1E1D19F8170033813D /* Build configuration list for PBXNativeTarget "tapper-extreme" */;
			buildPhases = (
				2FE03DEF1D19F8160033813D /* Sources */,
				2FE03DF01D19F8160033813D /* Frameworks */,
				2FE03DF11D19F8160033813D /* Resources */,
			);
			buildRules = (
			);
			dependencies = (
			);
			name = "tapper-extreme";
			productName = "tapper-extreme";
			productReference = 2FE03DF31D19F8170033813D /* tapper-extreme.app */;
			productType = "com.apple.product-type.application";
		};
		2FE03E091D19F8170033813D /* tapper-extremeTests */ = {
			isa = PBXNativeTarget;
			buildConfigurationList = 2FE03E211D19F8170033813D /* Build configuration list for PBXNativeTarget "tapper-extremeTests" */;
			buildPhases = (
				2FE03E061D19F8170033813D /* Sources */,
				2FE03E071D19F8170033813D /* Frameworks */,
				2FE03E081D19F8170033813D /* Resources */,
			);
			buildRules = (
			);
			dependencies = (
				2FE03E0C1D19F8170033813D /* PBXTargetDependency */,
			);
			name = "tapper-extremeTests";
			productName = "tapper-extremeTests";
			productReference = 2FE03E0A1D19F8170033813D /* tapper-extremeTests.xctest */;
			productType = "com.apple.product-type.bundle.unit-test";
		};
		2FE03E141D19F8170033813D /* tapper-extremeUITests */ = {
			isa = PBXNativeTarget;
			buildConfigurationList = 2FE03E241D19F8170033813D /* Build configuration list for PBXNativeTarget "tapper-extremeUITests" */;
			buildPhases = (
				2FE03E111D19F8170033813D /* Sources */,
				2FE03E121D19F8170033813D /* Frameworks */,
				2FE03E131D19F8170033813D /* Resources */,
			);
			buildRules = (
			);
			dependencies = (
				2FE03E171D19F8170033813D /* PBXTargetDependency */,
			);
			name = "tapper-extremeUITests";
			productName = "tapper-extremeUITests";
			productReference = 2FE03E151D19F8170033813D /* tapper-extremeUITests.xctest */;
			productType = "com.apple.product-type.bundle.ui-testing";
		};
/* End PBXNativeTarget section */

/* Begin PBXProject section */
		2FE03DEB1D19F8160033813D /* Project object */ = {
			isa = PBXProject;
			attributes = {
				LastUpgradeCheck = 0700;
				ORGANIZATIONNAME = "Vignesh Kumar Rajasekaran";
				TargetAttributes = {
					2FE03DF21D19F8160033813D = {
						CreatedOnToolsVersion = 7.0.1;
					};
					2FE03E091D19F8170033813D = {
						CreatedOnToolsVersion = 7.0.1;
						TestTargetID = 2FE03DF21D19F8160033813D;
					};
					2FE03E141D19F8170033813D = {
						CreatedOnToolsVersion = 7.0.1;
						TestTargetID = 2FE03DF21D19F8160033813D;
					};
				};
			};
			buildConfigurationList = 2FE03DEE1D19F8160033813D /* Build configuration list for PBXProject "tapper-extreme" */;
			compatibilityVersion = "Xcode 3.2";
			developmentRegion = English;
			hasScannedForEncodings = 0;
			knownRegions = (
				en,
				Base,
			);
			mainGroup = 2FE03DEA1D19F8160033813D;
			productRefGroup = 2FE03DF41D19F8170033813D /* Products */;
			projectDirPath = "";
			projectRoot = "";
			targets = (
				2FE03DF21D19F8160033813D /* tapper-extreme */,
				2FE03E091D19F8170033813D /* tapper-extremeTests */,
				2FE03E141D19F8170033813D /* tapper-extremeUITests */,
			);
		};
/* End PBXProject section */

/* Begin PBXResourcesBuildPhase section */
		2FE03DF11D19F8160033813D /* Resources */ = {
			isa = PBXResourcesBuildPhase;
			buildActionMask = 2147483647;
			files = (
				2FE03E041D19F8170033813D /* LaunchScreen.storyboard in Resources */,
				2FE03E011D19F8170033813D /* Assets.xcassets in Resources */,
				2FE03DFC1D19F8170033813D /* Main.storyboard in Resources */,
			);
			runOnlyForDeploymentPostprocessing = 0;
		};
		2FE03E081D19F8170033813D /* Resources */ = {
			isa = PBXResourcesBuildPhase;
			buildActionMask = 2147483647;
			files = (
			);
			runOnlyForDeploymentPostprocessing = 0;
		};
		2FE03E131D19F8170033813D /* Resources */ = {
			isa = PBXResourcesBuildPhase;
			buildActionMask = 2147483647;
			files = (
			);
			runOnlyForDeploymentPostprocessing = 0;
		};
/* End PBXResourcesBuildPhase section */

/* Begin PBXSourcesBuildPhase section */
		2FE03DEF1D19F8160033813D /* Sources */ = {
			isa = PBXSourcesBuildPhase;
			buildActionMask = 2147483647;
			files = (
				2FE03DF91D19F8170033813D /* ViewController.swift in Sources */,
				2FE03DFF1D19F8170033813D /* tapper_extreme.xcdatamodeld in Sources */,
				2FE03DF71D19F8170033813D /* AppDelegate.swift in Sources */,
			);
			runOnlyForDeploymentPostprocessing = 0;
		};
		2FE03E061D19F8170033813D /* Sources */ = {
			isa = PBXSourcesBuildPhase;
			buildActionMask = 2147483647;
			files = (
				2FE03E0F1D19F8170033813D /* tapper_extremeTests.swift in Sources */,
			);
			runOnlyForDeploymentPostprocessing = 0;
		};
		2FE03E111D19F8170033813D /* Sources */ = {
			isa = PBXSourcesBuildPhase;
			buildActionMask = 2147483647;
			files = (
				2FE03E1A1D19F8170033813D /* tapper_extremeUITests.swift in Sources */,
			);
			runOnlyForDeploymentPostprocessing = 0;
		};
/* End PBXSourcesBuildPhase section */

/* Begin PBXTargetDependency section */
		2FE03E0C1D19F8170033813D /* PBXTargetDependency */ = {
			isa = PBXTargetDependency;
			target = 2FE03DF21D19F8160033813D /* tapper-extreme */;
			targetProxy = 2FE03E0B1D19F8170033813D /* PBXContainerItemProxy */;
		};
		2FE03E171D19F8170033813D /* PBXTargetDependency */ = {
			isa = PBXTargetDependency;
			target = 2FE03DF21D19F8160033813D /* tapper-extreme */;
			targetProxy = 2FE03E161D19F8170033813D /* PBXContainerItemProxy */;
		};
/* End PBXTargetDependency section */

/* Begin PBXVariantGroup section */
		2FE03DFA1D19F8170033813D /* Main.storyboard */ = {
			isa = PBXVariantGroup;
			children = (
				2FE03DFB1D19F8170033813D /* Base */,
			);
			name = Main.storyboard;
			sourceTree = "<group>";
		};
		2FE03E021D19F8170033813D /* LaunchScreen.storyboard */ = {
			isa = PBXVariantGroup;
			children = (
				2FE03E031D19F8170033813D /* Base */,
			);
			name = LaunchScreen.storyboard;
			sourceTree = "<group>";
		};
/* End PBXVariantGroup section */

/* Begin XCBuildConfiguration section */
		2FE03E1C1D19F8170033813D /* Debug */ = {
			isa = XCBuildConfiguration;
			buildSettings = {
				ALWAYS_SEARCH_USER_PATHS = NO;
				CLANG_CXX_LANGUAGE_STANDARD = "gnu++0x";
				CLANG_CXX_LIBRARY = "libc++";
				CLANG_ENABLE_MODULES = YES;
				CLANG_ENABLE_OBJC_ARC = YES;
				CLANG_WARN_BOOL_CONVERSION = YES;
				CLANG_WARN_CONSTANT_CONVERSION = YES;
				CLANG_WARN_DIRECT_OBJC_ISA_USAGE = YES_ERROR;
				CLANG_WARN_EMPTY_BODY = YES;
				CLANG_WARN_ENUM_CONVERSION = YES;
				CLANG_WARN_INT_CONVERSION = YES;
				CLANG_WARN_OBJC_ROOT_CLASS = YES_ERROR;
				CLANG_WARN_UNREACHABLE_CODE = YES;
				CLANG_WARN__DUPLICATE_METHOD_MATCH = YES;
				"CODE_SIGN_IDENTITY[sdk=iphoneos*]" = "iPhone Developer";
				COPY_PHASE_STRIP = NO;
				DEBUG_INFORMATION_FORMAT = dwarf;
				ENABLE_STRICT_OBJC_MSGSEND = YES;
				ENABLE_TESTABILITY = YES;
				GCC_C_LANGUAGE_STANDARD = gnu99;
				GCC_DYNAMIC_NO_PIC = NO;
				GCC_NO_COMMON_BLOCKS = YES;
				GCC_OPTIMIZATION_LEVEL = 0;
				GCC_PREPROCESSOR_DEFINITIONS = (
					"DEBUG=1",
					"$(inherited)",
				);
				GCC_WARN_64_TO_32_BIT_CONVERSION = YES;
				GCC_WARN_ABOUT_RETURN_TYPE = YES_ERROR;
				GCC_WARN_UNDECLARED_SELECTOR = YES;
				GCC_WARN_UNINITIALIZED_AUTOS = YES_AGGRESSIVE;
				GCC_WARN_UNUSED_FUNCTION = YES;
				GCC_WARN_UNUSED_VARIABLE = YES;
				IPHONEOS_DEPLOYMENT_TARGET = 9.0;
				MTL_ENABLE_DEBUG_INFO = YES;
				ONLY_ACTIVE_ARCH = YES;
				SDKROOT = iphoneos;
				SWIFT_OPTIMIZATION_LEVEL = "-Onone";
			};
			name = Debug;
		};
		2FE03E1D1D19F8170033813D /* Release */ = {
			isa = XCBuildConfiguration;
			buildSettings = {
				ALWAYS_SEARCH_USER_PATHS = NO;
				CLANG_CXX_LANGUAGE_STANDARD = "gnu++0x";
				CLANG_CXX_LIBRARY = "libc++";
				CLANG_ENABLE_MODULES = YES;
				CLANG_ENABLE_OBJC_ARC = YES;
				CLANG_WARN_BOOL_CONVERSION = YES;
				CLANG_WARN_CONSTANT_CONVERSION = YES;
				CLANG_WARN_DIRECT_OBJC_ISA_USAGE = YES_ERROR;
				CLANG_WARN_EMPTY_BODY = YES;
				CLANG_WARN_ENUM_CONVERSION = YES;
				CLANG_WARN_INT_CONVERSION = YES;
				CLANG_WARN_OBJC_ROOT_CLASS = YES_ERROR;
				CLANG_WARN_UNREACHABLE_CODE = YES;
				CLANG_WARN__DUPLICATE_METHOD_MATCH = YES;
				"CODE_SIGN_IDENTITY[sdk=iphoneos*]" = "iPhone Developer";
				COPY_PHASE_STRIP = NO;
				DEBUG_INFORMATION_FORMAT = "dwarf-with-dsym";
				ENABLE_NS_ASSERTIONS = NO;
				ENABLE_STRICT_OBJC_MSGSEND = YES;
				GCC_C_LANGUAGE_STANDARD = gnu99;
				GCC_NO_COMMON_BLOCKS = YES;
				GCC_WARN_64_TO_32_BIT_CONVERSION = YES;
				GCC_WARN_ABOUT_RETURN_TYPE = YES_ERROR;
				GCC_WARN_UNDECLARED_SELECTOR = YES;
				GCC_WARN_UNINITIALIZED_AUTOS = YES_AGGRESSIVE;
				GCC_WARN_UNUSED_FUNCTION = YES;
				GCC_WARN_UNUSED_VARIABLE = YES;
				IPHONEOS_DEPLOYMENT_TARGET = 9.0;
				MTL_ENABLE_DEBUG_INFO = NO;
				SDKROOT = iphoneos;
				VALIDATE_PRODUCT = YES;
			};
			name = Release;
		};
		2FE03E1F1D19F8170033813D /* Debug */ = {
			isa = XCBuildConfiguration;
			buildSettings = {
				ASSETCATALOG_COMPILER_APPICON_NAME = AppIcon;
				INFOPLIST_FILE = "tapper-extreme/Info.plist";
				LD_RUNPATH_SEARCH_PATHS = "$(inherited) @executable_path/Frameworks";
				PRODUCT_BUNDLE_IDENTIFIER = "com.personal.tapper-extreme";
				PRODUCT_NAME = "$(TARGET_NAME)";
			};
			name = Debug;
		};
		2FE03E201D19F8170033813D /* Release */ = {
			isa = XCBuildConfiguration;
			buildSettings = {
				ASSETCATALOG_COMPILER_APPICON_NAME = AppIcon;
				INFOPLIST_FILE = "tapper-extreme/Info.plist";
				LD_RUNPATH_SEARCH_PATHS = "$(inherited) @executable_path/Frameworks";
				PRODUCT_BUNDLE_IDENTIFIER = "com.personal.tapper-extreme";
				PRODUCT_NAME = "$(TARGET_NAME)";
			};
			name = Release;
		};
		2FE03E221D19F8170033813D /* Debug */ = {
			isa = XCBuildConfiguration;
			buildSettings = {
				BUNDLE_LOADER = "$(TEST_HOST)";
				INFOPLIST_FILE = "tapper-extremeTests/Info.plist";
				LD_RUNPATH_SEARCH_PATHS = "$(inherited) @executable_path/Frameworks @loader_path/Frameworks";
				PRODUCT_BUNDLE_IDENTIFIER = "com.personal.tapper-extremeTests";
				PRODUCT_NAME = "$(TARGET_NAME)";
				TEST_HOST = "$(BUILT_PRODUCTS_DIR)/tapper-extreme.app/tapper-extreme";
			};
			name = Debug;
		};
		2FE03E231D19F8170033813D /* Release */ = {
			isa = XCBuildConfiguration;
			buildSettings = {
				BUNDLE_LOADER = "$(TEST_HOST)";
				INFOPLIST_FILE = "tapper-extremeTests/Info.plist";
				LD_RUNPATH_SEARCH_PATHS = "$(inherited) @executable_path/Frameworks @loader_path/Frameworks";
				PRODUCT_BUNDLE_IDENTIFIER = "com.personal.tapper-extremeTests";
				PRODUCT_NAME = "$(TARGET_NAME)";
				TEST_HOST = "$(BUILT_PRODUCTS_DIR)/tapper-extreme.app/tapper-extreme";
			};
			name = Release;
		};
		2FE03E251D19F8170033813D /* Debug */ = {
			isa = XCBuildConfiguration;
			buildSettings = {
				INFOPLIST_FILE = "tapper-extremeUITests/Info.plist";
				LD_RUNPATH_SEARCH_PATHS = "$(inherited) @executable_path/Frameworks @loader_path/Frameworks";
				PRODUCT_BUNDLE_IDENTIFIER = "com.personal.tapper-extremeUITests";
				PRODUCT_NAME = "$(TARGET_NAME)";
				TEST_TARGET_NAME = "tapper-extreme";
				USES_XCTRUNNER = YES;
			};
			name = Debug;
		};
		2FE03E261D19F8170033813D /* Release */ = {
			isa = XCBuildConfiguration;
			buildSettings = {
				INFOPLIST_FILE = "tapper-extremeUITests/Info.plist";
				LD_RUNPATH_SEARCH_PATHS = "$(inherited) @executable_path/Frameworks @loader_path/Frameworks";
				PRODUCT_BUNDLE_IDENTIFIER = "com.personal.tapper-extremeUITests";
				PRODUCT_NAME = "$(TARGET_NAME)";
				TEST_TARGET_NAME = "tapper-extreme";
				USES_XCTRUNNER = YES;
			};
			name = Release;
		};
/* End XCBuildConfiguration section */

/* Begin XCConfigurationList section */
		2FE03DEE1D19F8160033813D /* Build configuration list for PBXProject "tapper-extreme" */ = {
			isa = XCConfigurationList;
			buildConfigurations = (
				2FE03E1C1D19F8170033813D /* Debug */,
				2FE03E1D1D19F8170033813D /* Release */,
			);
			defaultConfigurationIsVisible = 0;
			defaultConfigurationName = Release;
		};
		2FE03E1E1D19F8170033813D /* Build configuration list for PBXNativeTarget "tapper-extreme" */ = {
			isa = XCConfigurationList;
			buildConfigurations = (
				2FE03E1F1D19F8170033813D /* Debug */,
				2FE03E201D19F8170033813D /* Release */,
			);
			defaultConfigurationIsVisible = 0;
		};
		2FE03E211D19F8170033813D /* Build configuration list for PBXNativeTarget "tapper-extremeTests" */ = {
			isa = XCConfigurationList;
			buildConfigurations = (
				2FE03E221D19F8170033813D /* Debug */,
				2FE03E231D19F8170033813D /* Release */,
			);
			defaultConfigurationIsVisible = 0;
		};
		2FE03E241D19F8170033813D /* Build configuration list for PBXNativeTarget "tapper-extremeUITests" */ = {
			isa = XCConfigurationList;
			buildConfigurations = (
				2FE03E251D19F8170033813D /* Debug */,
				2FE03E261D19F8170033813D /* Release */,
			);
			defaultConfigurationIsVisible = 0;
		};
/* End XCConfigurationList section */

/* Begin XCVersionGroup section */
		2FE03DFD1D19F8170033813D /* tapper_extreme.xcdatamodeld */ = {
			isa = XCVersionGroup;
			children = (
				2FE03DFE1D19F8170033813D /* tapper_extreme.xcdatamodel */,
			);
			currentVersion = 2FE03DFE1D19F8170033813D /* tapper_extreme.xcdatamodel */;
			path = tapper_extreme.xcdatamodeld;
			sourceTree = "<group>";
			versionGroupType = wrapper.xcdatamodel;
		};
/* End XCVersionGroup section */
	};
	rootObject = 2FE03DEB1D19F8160033813D /* Project object */;
}
